
Microsoft Visual Studio Solution File, Format Version 12.00
# Visual Studio 15
VisualStudioVersion = 15.0.28307.1738
MinimumVisualStudioVersion = 10.0.40219.1
Project("{8BC9CEB8-8B4A-11D0-8D11-00A0C91BC942}") = "BicepMeasure", "BicepMeasure\BicepMeasure.vcxproj", "{24145C45-2402-4659-A9FE-487FB78C79D7}"
EndProject
Global
	GlobalSection(SolutionConfigurationPlatforms) = preSolution
		Debug|x64 = Debug|x64
		Debug|x86 = Debug|x86
		Release|x64 = Release|x64
		Release|x86 = Release|x86
	EndGlobalSection
	GlobalSection(ProjectConfigurationPlatforms) = postSolution
		{24145C45-2402-4659-A9FE-487FB78C79D7}.Debug|x64.ActiveCfg = Debug|x64
		{24145C45-2402-4659-A9FE-487FB78C79D7}.Debug|x64.Build.0 = Debug|x64
		{24145C45-2402-4659-A9FE-487FB78C79D7}.Debug|x86.ActiveCfg = Release|x64
		{24145C45-2402-4659-A9FE-487FB78C79D7}.Debug|x86.Build.0 = Release|x64
		{24145C45-2402-4659-A9FE-487FB78C79D7}.Release|x64.ActiveCfg = Release|x64
		{24145C45-2402-4659-A9FE-487FB78C79D7}.Release|x64.Build.0 = Release|x64
		{24145C45-2402-4659-A9FE-487FB78C79D7}.Release|x86.ActiveCfg = Release|Win32
		{24145C45-2402-4659-A9FE-487FB78C79D7}.Release|x86.Build.0 = Release|Win32
	EndGlobalSection
	GlobalSection(SolutionProperties) = preSolution
		HideSolutionNode = FALSE
	EndGlobalSection
	GlobalSection(ExtensibilityGlobals) = postSolution
		SolutionGuid = {52978BDE-FC9F-4917-816A-22C412903DA7}
	EndGlobalSection
EndGlobal
